// !$*UTF8*$!
{
	archiveVersion = 1;
	classes = {
	};
	objectVersion = 77;
	objects = {

/* Begin PBXBuildFile section */
		03FFABCB2C303B8C50D21624 /* GameViewModel.swift in Sources */ = {isa = PBXBuildFile; fileRef = D2AE8C64C877ABC6935B77EF /* GameViewModel.swift */; };
		0ACD98BF1D20DEF4FBED52AE /* Localizable.strings in Resources */ = {isa = PBXBuildFile; fileRef = EF55B584B729B84FA08FA6D1 /* Localizable.strings */; };
		0FEF0C2D7C12DC2D130ED220 /* PackDetailView.swift in Sources */ = {isa = PBXBuildFile; fileRef = 5E553228972F7FFB0F8EF868 /* PackDetailView.swift */; };
		10623549868FE8396ECC486F /* SettingsView.swift in Sources */ = {isa = PBXBuildFile; fileRef = B3A7D331C985A5CAD2F162B1 /* SettingsView.swift */; };
		1D27807043DBA93196C5E710 /* BannerAdView.swift in Sources */ = {isa = PBXBuildFile; fileRef = 7C3C5E6AE355B623F247316C /* BannerAdView.swift */; };
		20FBF50EF76EF9D9B2A62252 /* ColorsTests.swift in Sources */ = {isa = PBXBuildFile; fileRef = 1EDADD1D5F19BEC9C6130F05 /* ColorsTests.swift */; };
		251FFEBB0755A3FAAB24F323 /* NotificationServiceTests.swift in Sources */ = {isa = PBXBuildFile; fileRef = 0B820B9ACBC5CEC4F1B83D9A /* NotificationServiceTests.swift */; };
		273AD3BCEF81AAAE4021FD78 /* GridView.swift in Sources */ = {isa = PBXBuildFile; fileRef = 9C00CEC5196A0D5872A0987F /* GridView.swift */; };
		2E43D6A9A890916F3E7E0E89 /* SnugloAppUITestsBase.swift in Sources */ = {isa = PBXBuildFile; fileRef = 24C8AB441978A3E56D85CFF4 /* SnugloAppUITestsBase.swift */; };
		2FA259699812395DDBABFE0F /* Assets.xcassets in Resources */ = {isa = PBXBuildFile; fileRef = 71A6FA8E3D616220F3BF852B /* Assets.xcassets */; };
		31274216AFC9B64C261FE356 /* PackProviderContinueTests.swift in Sources */ = {isa = PBXBuildFile; fileRef = EC77EA692FE5B20CEA9F3A5E /* PackProviderContinueTests.swift */; };
		33112FEC53B3501D7EFA14D2 /* LevelsListView.swift in Sources */ = {isa = PBXBuildFile; fileRef = C2F5BACB29FA770A810C3ABA /* LevelsListView.swift */; };
		3736F9D231E1A7EB07D9452A /* 17FC92E9-8663-48EE-8354-154BEB602AE2.xcactivitylog in Resources */ = {isa = PBXBuildFile; fileRef = FCB001DEC3D0DA3B2D4E97A1 /* 17FC92E9-8663-48EE-8354-154BEB602AE2.xcactivitylog */; };
		3907B7ABDEA4B35F558646C5 /* NotificationService.swift in Sources */ = {isa = PBXBuildFile; fileRef = 5EF2DDE7B28FE5B3DA308C50 /* NotificationService.swift */; };
		3922552F1B06C1C3D736AB66 /* PauseSheet.swift in Sources */ = {isa = PBXBuildFile; fileRef = 6AFCBE768527FBA636F28AAC /* PauseSheet.swift */; };
		3A33BB5DCD8712B44B33A874 /* GameFlowUITests.swift in Sources */ = {isa = PBXBuildFile; fileRef = AE1A1E6FF249929AF911E182 /* GameFlowUITests.swift */; };
		3A69CE6071AD1654EA085B06 /* PauseOverlayView.swift in Sources */ = {isa = PBXBuildFile; fileRef = FD0E2882D4179DA7A73B6477 /* PauseOverlayView.swift */; };
		3CBBEA8BF5421CE5D339D5E1 /* PrimaryButton.swift in Sources */ = {isa = PBXBuildFile; fileRef = D3E8F3C0267F5E448BE9F1FD /* PrimaryButton.swift */; };
		42A713FCCF31C5AD71C0374B /* AdInterstitialOverlay.swift in Sources */ = {isa = PBXBuildFile; fileRef = D3D025DF3A173AF4949F9C01 /* AdInterstitialOverlay.swift */; };
		4433668111483C116B1D4390 /* LevelCompleteSheet.swift in Sources */ = {isa = PBXBuildFile; fileRef = 05BBBEC427C25E22E51FA7B6 /* LevelCompleteSheet.swift */; };
		44EEA1333109A9F28AB5FCF2 /* ProgressStore.swift in Sources */ = {isa = PBXBuildFile; fileRef = 923F090D7130F37BBDD451D8 /* ProgressStore.swift */; };
		4749283EBBBBBB741384B951 /* Shadow.swift in Sources */ = {isa = PBXBuildFile; fileRef = F019EC211A8ED76E9C4687A0 /* Shadow.swift */; };
		4A9AD0F05276A0200971BA40 /* MockData.swift in Sources */ = {isa = PBXBuildFile; fileRef = 71A09BB21B2EEF8E2743976A /* MockData.swift */; };
		4B2D146C4B8FC685A1C5D9E6 /* HapticServiceTests.swift in Sources */ = {isa = PBXBuildFile; fileRef = 368E88C62BE50B885BCF1DF7 /* HapticServiceTests.swift */; };
		4B86EDC16AD9FB4C50EC6FF9 /* Typography.swift in Sources */ = {isa = PBXBuildFile; fileRef = 8DDE190833C63BBB6798DC42 /* Typography.swift */; };
		530C2E26ADFAFA0391AA200F /* GameViewModelTests.swift in Sources */ = {isa = PBXBuildFile; fileRef = D0A74183345C54A5FB76D8B3 /* GameViewModelTests.swift */; };
		53757E96F9DBDCD6AD510009 /* StoreManager.swift in Sources */ = {isa = PBXBuildFile; fileRef = 1A4F8A6CB07D25367BD321D8 /* StoreManager.swift */; };
		55D3EB1BFD4BAC2C7EDF7189 /* SnugloEngine in Frameworks */ = {isa = PBXBuildFile; productRef = 43AB9381ED7582889EB0EEBB /* SnugloEngine */; };
		56F4A71C2354DD0A66026405 /* MainMenuView.swift in Sources */ = {isa = PBXBuildFile; fileRef = 354A30FA9DC3EFE7135C328D /* MainMenuView.swift */; };
		644AD815EA9200CA26D84026 /* AdsManagerTests.swift in Sources */ = {isa = PBXBuildFile; fileRef = D388AFA74CDD2F268A95A894 /* AdsManagerTests.swift */; };
		64639133E78C3684B2D5F5C8 /* ProgressStoreTests.swift in Sources */ = {isa = PBXBuildFile; fileRef = 93E8C465B2441C411A96691F /* ProgressStoreTests.swift */; };
		6B129672CD8BD82860195071 /* Snuglo.storekit in Resources */ = {isa = PBXBuildFile; fileRef = 872D391426D5D402C2F18006 /* Snuglo.storekit */; };
		6D5A15BEC4D154BEEFC66E67 /* README.md in Resources */ = {isa = PBXBuildFile; fileRef = 15113BC008FC88512BFF4298 /* README.md */; };
		6DD60010AA6AF89DF48BEA12 /* SplashView.swift in Sources */ = {isa = PBXBuildFile; fileRef = EA13FC12B31478959E864E28 /* SplashView.swift */; };
		70F51AE1D5CAEBAC21C9E0A1 /* BlockColorTests.swift in Sources */ = {isa = PBXBuildFile; fileRef = 9D6BB243B769539EEF718CD3 /* BlockColorTests.swift */; };
		754A0878D0F302CB44712201 /* SnapCalculatorTests.swift in Sources */ = {isa = PBXBuildFile; fileRef = A4E2D079DE6C107285082B06 /* SnapCalculatorTests.swift */; };
		76EEA95BE6C22EDED3AFED3C /* GameView.swift in Sources */ = {isa = PBXBuildFile; fileRef = 38668694A881387CCF58C9CA /* GameView.swift */; };
		7F7979F2FDB91A33A94532B2 /* SecondaryButton.swift in Sources */ = {isa = PBXBuildFile; fileRef = D1B5F7711E13697C1A7BCA90 /* SecondaryButton.swift */; };
		804BF62D4D9578D1AB8F86F1 /* LogStoreManifest.plist in Resources */ = {isa = PBXBuildFile; fileRef = 6F409795EA9080BC40C9CCFF /* LogStoreManifest.plist */; };
		810B90D33D80F1DB5C72CBA2 /* Radius.swift in Sources */ = {isa = PBXBuildFile; fileRef = 6B377C02F73E5F9D8712B20B /* Radius.swift */; };
		870BBA3368B73B06EE6F8577 /* CardSurface.swift in Sources */ = {isa = PBXBuildFile; fileRef = 5E177BF53BC6C92D779D51C2 /* CardSurface.swift */; };
		91EB882F6CC4A611E61DA88A /* BlockView.swift in Sources */ = {isa = PBXBuildFile; fileRef = 645EFACB3DFA65F3D1D5CBD2 /* BlockView.swift */; };
		9338C2DFBAE44768A7DB6C12 /* SnapCalculator.swift in Sources */ = {isa = PBXBuildFile; fileRef = B2B32BC4055E117E10F49D08 /* SnapCalculator.swift */; };
		9838478E2A8975B130C8C64E /* StatsView.swift in Sources */ = {isa = PBXBuildFile; fileRef = 34D61C90179BE05FFF34656B /* StatsView.swift */; };
		9B9C88676E42710CC92AFF8C /* ShopView.swift in Sources */ = {isa = PBXBuildFile; fileRef = DBAB0452088EF7C80E88FA92 /* ShopView.swift */; };
		9CE833B028557F0558472ACE /* PackProvider.swift in Sources */ = {isa = PBXBuildFile; fileRef = E6E47062C883114A0CD6A84B /* PackProvider.swift */; };
		9DB94EFD98FB4B3F6A695F33 /* SoundServiceTests.swift in Sources */ = {isa = PBXBuildFile; fileRef = 6CB118F924AFF73AC7906940 /* SoundServiceTests.swift */; };
		9E6FD2504B15C754A3A467A1 /* RowDivider.swift in Sources */ = {isa = PBXBuildFile; fileRef = 8B4758DD6FAC3569A870F3EC /* RowDivider.swift */; };
		A4921D0A0CF269191A4B9C72 /* InfoPlist.strings in Resources */ = {isa = PBXBuildFile; fileRef = 250C6435062F4891539078FC /* InfoPlist.strings */; };
		AB3EEF5267EB0CCBC1CD337D /* SoundService.swift in Sources */ = {isa = PBXBuildFile; fileRef = 344B16BC30C943EF404EB1F5 /* SoundService.swift */; };
		AB96220B99E950B9181671AF /* NotificationSchedulerTests.swift in Sources */ = {isa = PBXBuildFile; fileRef = 4F7015B7FB288C8F5DA0BB75 /* NotificationSchedulerTests.swift */; };
		AE42BD147A051CF60F775F10 /* AppRouter.swift in Sources */ = {isa = PBXBuildFile; fileRef = 650F634142598BE8F4F9EF2E /* AppRouter.swift */; };
		B4CE7E24E4016DA9C5ED8C2C /* HomeFlowUITests.swift in Sources */ = {isa = PBXBuildFile; fileRef = 01A9D5CE872745FD30F07FE4 /* HomeFlowUITests.swift */; };
		BB1AE77E036D4C2787694BAE /* 17EB674D-5F36-4612-AF37-2D98BF5A1C87.xcactivitylog in Resources */ = {isa = PBXBuildFile; fileRef = 539529195837BF1CED55E54E /* 17EB674D-5F36-4612-AF37-2D98BF5A1C87.xcactivitylog */; };
		BBCC099BCC1B269432202561 /* SnugloEngine in Frameworks */ = {isa = PBXBuildFile; productRef = C6CEC9215CDD114192DB9C26 /* SnugloEngine */; };
		BE91B4553C450BA9C8C46D58 /* workspace-state.json in Resources */ = {isa = PBXBuildFile; fileRef = 005C73431DAA5AC758C5FE56 /* workspace-state.json */; };
		C34010B48A028A7DA5B64483 /* SnugloApp.swift in Sources */ = {isa = PBXBuildFile; fileRef = 60E0BF6F56D7977EF5C2B21D /* SnugloApp.swift */; };
		C4B42BDA325627597C3D6E1C /* README-StoreKit.md in Resources */ = {isa = PBXBuildFile; fileRef = 125B30D67DEEC160EDBC670E /* README-StoreKit.md */; };
		CC1131A31A5E1A2B5858CE9E /* AdsManager.swift in Sources */ = {isa = PBXBuildFile; fileRef = 79F7F8B23BC50919D87D3CE8 /* AdsManager.swift */; };
		D4652764B29EB9AAB7864CB0 /* Spacing.swift in Sources */ = {isa = PBXBuildFile; fileRef = A702C36C13CE76BA82748DED /* Spacing.swift */; };
		D7574A18719733E0B493964F /* OnboardingView.swift in Sources */ = {isa = PBXBuildFile; fileRef = 818EF1009A596F19A02F3237 /* OnboardingView.swift */; };
		DF086D943609CC4FDB0AB808 /* RootView.swift in Sources */ = {isa = PBXBuildFile; fileRef = 00B165E71825BFEA8ABE02AC /* RootView.swift */; };
		E3B998AC3AD14DCE7272C432 /* StoreManagerTests.swift in Sources */ = {isa = PBXBuildFile; fileRef = 6BCC0E8903FFF23186D256F8 /* StoreManagerTests.swift */; };
		E7D790BF55A55A24C78CEF07 /* Colors.swift in Sources */ = {isa = PBXBuildFile; fileRef = 82BDCB0C13EFD13CAFE73686 /* Colors.swift */; };
		EE0EBF8EDFF4DBBF2FEB6E55 /* StitchTokenTests.swift in Sources */ = {isa = PBXBuildFile; fileRef = 81BCAA3BC56EB6FA503E20FA /* StitchTokenTests.swift */; };
		F6C45F1C7F71F67B168BD48F /* BottomTabBar.swift in Sources */ = {isa = PBXBuildFile; fileRef = 071C5711F1CFFED37058BD01 /* BottomTabBar.swift */; };
		F8313EE5C4D761217E1FC65E /* SmokeUITests.swift in Sources */ = {isa = PBXBuildFile; fileRef = C280DEA922815D79D52035E1 /* SmokeUITests.swift */; };
		FBBEF1BDEFEC12CE81949594 /* HapticService.swift in Sources */ = {isa = PBXBuildFile; fileRef = FF82F8FCC4C6001A6909E998 /* HapticService.swift */; };
/* End PBXBuildFile section */

/* Begin PBXContainerItemProxy section */
		03C3FFF9BE4A856773949D13 /* PBXContainerItemProxy */ = {
			isa = PBXContainerItemProxy;
			containerPortal = 8B64E0AEE48DDEFB996D89BC /* Project object */;
			proxyType = 1;
			remoteGlobalIDString = 629257F8BD02D3B177D7E2B0;
			remoteInfo = SnugloApp;
		};
		44929050868A6627308E675D /* PBXContainerItemProxy */ = {
			isa = PBXContainerItemProxy;
			containerPortal = 8B64E0AEE48DDEFB996D89BC /* Project object */;
			proxyType = 1;
			remoteGlobalIDString = 629257F8BD02D3B177D7E2B0;
			remoteInfo = SnugloApp;
		};
/* End PBXContainerItemProxy section */

/* Begin PBXFileReference section */
		005C73431DAA5AC758C5FE56 /* workspace-state.json */ = {isa = PBXFileReference; lastKnownFileType = text.json; path = "workspace-state.json"; sourceTree = "<group>"; };
		00B165E71825BFEA8ABE02AC /* RootView.swift */ = {isa = PBXFileReference; lastKnownFileType = sourcecode.swift; path = RootView.swift; sourceTree = "<group>"; };
		01A9D5CE872745FD30F07FE4 /* HomeFlowUITests.swift */ = {isa = PBXFileReference; lastKnownFileType = sourcecode.swift; path = HomeFlowUITests.swift; sourceTree = "<group>"; };
		02900C8FA9C484E97BDE5D58 /* SnugloAppTests.xctest */ = {isa = PBXFileReference; includeInIndex = 0; lastKnownFileType = wrapper.cfbundle; path = SnugloAppTests.xctest; sourceTree = BUILT_PRODUCTS_DIR; };
		0597FC5978CF1E47D7125A67 /* tr */ = {isa = PBXFileReference; lastKnownFileType = text.plist.strings; name = tr; path = tr.lproj/InfoPlist.strings; sourceTree = "<group>"; };
		05BBBEC427C25E22E51FA7B6 /* LevelCompleteSheet.swift */ = {isa = PBXFileReference; lastKnownFileType = sourcecode.swift; path = LevelCompleteSheet.swift; sourceTree = "<group>"; };
		071C5711F1CFFED37058BD01 /* BottomTabBar.swift */ = {isa = PBXFileReference; lastKnownFileType = sourcecode.swift; path = BottomTabBar.swift; sourceTree = "<group>"; };
		0B820B9ACBC5CEC4F1B83D9A /* NotificationServiceTests.swift */ = {isa = PBXFileReference; lastKnownFileType = sourcecode.swift; path = NotificationServiceTests.swift; sourceTree = "<group>"; };
		125B30D67DEEC160EDBC670E /* README-StoreKit.md */ = {isa = PBXFileReference; lastKnownFileType = net.daringfireball.markdown; path = "README-StoreKit.md"; sourceTree = "<group>"; };
		15113BC008FC88512BFF4298 /* README.md */ = {isa = PBXFileReference; lastKnownFileType = net.daringfireball.markdown; path = README.md; sourceTree = "<group>"; };
		15DDDB0F2207F08EE6D816BA /* snuglo--AnsD1 */ = {isa = PBXFileReference; lastKnownFileType = folder; name = "snuglo--AnsD1"; path = ..; sourceTree = SOURCE_ROOT; };
		16B7A0ABBF0B3545C32F1412 /* tr */ = {isa = PBXFileReference; lastKnownFileType = text.plist.strings; name = tr; path = tr.lproj/Localizable.strings; sourceTree = "<group>"; };
		1A4F8A6CB07D25367BD321D8 /* StoreManager.swift */ = {isa = PBXFileReference; lastKnownFileType = sourcecode.swift; path = StoreManager.swift; sourceTree = "<group>"; };
		1EDADD1D5F19BEC9C6130F05 /* ColorsTests.swift */ = {isa = PBXFileReference; lastKnownFileType = sourcecode.swift; path = ColorsTests.swift; sourceTree = "<group>"; };
		24C8AB441978A3E56D85CFF4 /* SnugloAppUITestsBase.swift */ = {isa = PBXFileReference; lastKnownFileType = sourcecode.swift; path = SnugloAppUITestsBase.swift; sourceTree = "<group>"; };
		320DEC836D769FE0FD1AB45A /* SnugloAppUITests.xctest */ = {isa = PBXFileReference; includeInIndex = 0; lastKnownFileType = wrapper.cfbundle; path = SnugloAppUITests.xctest; sourceTree = BUILT_PRODUCTS_DIR; };
		344B16BC30C943EF404EB1F5 /* SoundService.swift */ = {isa = PBXFileReference; lastKnownFileType = sourcecode.swift; path = SoundService.swift; sourceTree = "<group>"; };
		34D61C90179BE05FFF34656B /* StatsView.swift */ = {isa = PBXFileReference; lastKnownFileType = sourcecode.swift; path = StatsView.swift; sourceTree = "<group>"; };
		354A30FA9DC3EFE7135C328D /* MainMenuView.swift */ = {isa = PBXFileReference; lastKnownFileType = sourcecode.swift; path = MainMenuView.swift; sourceTree = "<group>"; };
		368E88C62BE50B885BCF1DF7 /* HapticServiceTests.swift */ = {isa = PBXFileReference; lastKnownFileType = sourcecode.swift; path = HapticServiceTests.swift; sourceTree = "<group>"; };
		38668694A881387CCF58C9CA /* GameView.swift */ = {isa = PBXFileReference; lastKnownFileType = sourcecode.swift; path = GameView.swift; sourceTree = "<group>"; };
		4F7015B7FB288C8F5DA0BB75 /* NotificationSchedulerTests.swift */ = {isa = PBXFileReference; lastKnownFileType = sourcecode.swift; path = NotificationSchedulerTests.swift; sourceTree = "<group>"; };
		539529195837BF1CED55E54E /* 17EB674D-5F36-4612-AF37-2D98BF5A1C87.xcactivitylog */ = {isa = PBXFileReference; path = "17EB674D-5F36-4612-AF37-2D98BF5A1C87.xcactivitylog"; sourceTree = "<group>"; };
		5796E5AF79FD89610638C7BD /* es */ = {isa = PBXFileReference; lastKnownFileType = text.plist.strings; name = es; path = es.lproj/InfoPlist.strings; sourceTree = "<group>"; };
		5E177BF53BC6C92D779D51C2 /* CardSurface.swift */ = {isa = PBXFileReference; lastKnownFileType = sourcecode.swift; path = CardSurface.swift; sourceTree = "<group>"; };
		5E553228972F7FFB0F8EF868 /* PackDetailView.swift */ = {isa = PBXFileReference; lastKnownFileType = sourcecode.swift; path = PackDetailView.swift; sourceTree = "<group>"; };
		5EF2DDE7B28FE5B3DA308C50 /* NotificationService.swift */ = {isa = PBXFileReference; lastKnownFileType = sourcecode.swift; path = NotificationService.swift; sourceTree = "<group>"; };
		60E0BF6F56D7977EF5C2B21D /* SnugloApp.swift */ = {isa = PBXFileReference; lastKnownFileType = sourcecode.swift; path = SnugloApp.swift; sourceTree = "<group>"; };
		645EFACB3DFA65F3D1D5CBD2 /* BlockView.swift */ = {isa = PBXFileReference; lastKnownFileType = sourcecode.swift; path = BlockView.swift; sourceTree = "<group>"; };
		650F634142598BE8F4F9EF2E /* AppRouter.swift */ = {isa = PBXFileReference; lastKnownFileType = sourcecode.swift; path = AppRouter.swift; sourceTree = "<group>"; };
		6AFCBE768527FBA636F28AAC /* PauseSheet.swift */ = {isa = PBXFileReference; lastKnownFileType = sourcecode.swift; path = PauseSheet.swift; sourceTree = "<group>"; };
		6B377C02F73E5F9D8712B20B /* Radius.swift */ = {isa = PBXFileReference; lastKnownFileType = sourcecode.swift; path = Radius.swift; sourceTree = "<group>"; };
		6BCC0E8903FFF23186D256F8 /* StoreManagerTests.swift */ = {isa = PBXFileReference; lastKnownFileType = sourcecode.swift; path = StoreManagerTests.swift; sourceTree = "<group>"; };
		6CB118F924AFF73AC7906940 /* SoundServiceTests.swift */ = {isa = PBXFileReference; lastKnownFileType = sourcecode.swift; path = SoundServiceTests.swift; sourceTree = "<group>"; };
		6F409795EA9080BC40C9CCFF /* LogStoreManifest.plist */ = {isa = PBXFileReference; lastKnownFileType = text.plist; path = LogStoreManifest.plist; sourceTree = "<group>"; };
		71A09BB21B2EEF8E2743976A /* MockData.swift */ = {isa = PBXFileReference; lastKnownFileType = sourcecode.swift; path = MockData.swift; sourceTree = "<group>"; };
		71A6FA8E3D616220F3BF852B /* Assets.xcassets */ = {isa = PBXFileReference; lastKnownFileType = folder.assetcatalog; path = Assets.xcassets; sourceTree = "<group>"; };
		79F7F8B23BC50919D87D3CE8 /* AdsManager.swift */ = {isa = PBXFileReference; lastKnownFileType = sourcecode.swift; path = AdsManager.swift; sourceTree = "<group>"; };
		7C3C5E6AE355B623F247316C /* BannerAdView.swift */ = {isa = PBXFileReference; lastKnownFileType = sourcecode.swift; path = BannerAdView.swift; sourceTree = "<group>"; };
		818EF1009A596F19A02F3237 /* OnboardingView.swift */ = {isa = PBXFileReference; lastKnownFileType = sourcecode.swift; path = OnboardingView.swift; sourceTree = "<group>"; };
		81BCAA3BC56EB6FA503E20FA /* StitchTokenTests.swift */ = {isa = PBXFileReference; lastKnownFileType = sourcecode.swift; path = StitchTokenTests.swift; sourceTree = "<group>"; };
		82BDCB0C13EFD13CAFE73686 /* Colors.swift */ = {isa = PBXFileReference; lastKnownFileType = sourcecode.swift; path = Colors.swift; sourceTree = "<group>"; };
		872D391426D5D402C2F18006 /* Snuglo.storekit */ = {isa = PBXFileReference; path = Snuglo.storekit; sourceTree = "<group>"; };
		8B4758DD6FAC3569A870F3EC /* RowDivider.swift */ = {isa = PBXFileReference; lastKnownFileType = sourcecode.swift; path = RowDivider.swift; sourceTree = "<group>"; };
		8DD307251780186223CCBBE8 /* en */ = {isa = PBXFileReference; lastKnownFileType = text.plist.strings; name = en; path = en.lproj/Localizable.strings; sourceTree = "<group>"; };
		8DDE190833C63BBB6798DC42 /* Typography.swift */ = {isa = PBXFileReference; lastKnownFileType = sourcecode.swift; path = Typography.swift; sourceTree = "<group>"; };
		923F090D7130F37BBDD451D8 /* ProgressStore.swift */ = {isa = PBXFileReference; lastKnownFileType = sourcecode.swift; path = ProgressStore.swift; sourceTree = "<group>"; };
		93E8C465B2441C411A96691F /* ProgressStoreTests.swift */ = {isa = PBXFileReference; lastKnownFileType = sourcecode.swift; path = ProgressStoreTests.swift; sourceTree = "<group>"; };
		9C00CEC5196A0D5872A0987F /* GridView.swift */ = {isa = PBXFileReference; lastKnownFileType = sourcecode.swift; path = GridView.swift; sourceTree = "<group>"; };
		9D6BB243B769539EEF718CD3 /* BlockColorTests.swift */ = {isa = PBXFileReference; lastKnownFileType = sourcecode.swift; path = BlockColorTests.swift; sourceTree = "<group>"; };
		A4E2D079DE6C107285082B06 /* SnapCalculatorTests.swift */ = {isa = PBXFileReference; lastKnownFileType = sourcecode.swift; path = SnapCalculatorTests.swift; sourceTree = "<group>"; };
		A702C36C13CE76BA82748DED /* Spacing.swift */ = {isa = PBXFileReference; lastKnownFileType = sourcecode.swift; path = Spacing.swift; sourceTree = "<group>"; };
		AE1A1E6FF249929AF911E182 /* GameFlowUITests.swift */ = {isa = PBXFileReference; lastKnownFileType = sourcecode.swift; path = GameFlowUITests.swift; sourceTree = "<group>"; };
		B2B32BC4055E117E10F49D08 /* SnapCalculator.swift */ = {isa = PBXFileReference; lastKnownFileType = sourcecode.swift; path = SnapCalculator.swift; sourceTree = "<group>"; };
		B3A7D331C985A5CAD2F162B1 /* SettingsView.swift */ = {isa = PBXFileReference; lastKnownFileType = sourcecode.swift; path = SettingsView.swift; sourceTree = "<group>"; };
		C280DEA922815D79D52035E1 /* SmokeUITests.swift */ = {isa = PBXFileReference; lastKnownFileType = sourcecode.swift; path = SmokeUITests.swift; sourceTree = "<group>"; };
		C2F5BACB29FA770A810C3ABA /* LevelsListView.swift */ = {isa = PBXFileReference; lastKnownFileType = sourcecode.swift; path = LevelsListView.swift; sourceTree = "<group>"; };
		CBE4CCA810059C58A752ADAF /* SnugloApp.app */ = {isa = PBXFileReference; includeInIndex = 0; lastKnownFileType = wrapper.application; path = SnugloApp.app; sourceTree = BUILT_PRODUCTS_DIR; };
		D0A74183345C54A5FB76D8B3 /* GameViewModelTests.swift */ = {isa = PBXFileReference; lastKnownFileType = sourcecode.swift; path = GameViewModelTests.swift; sourceTree = "<group>"; };
		D1B5F7711E13697C1A7BCA90 /* SecondaryButton.swift */ = {isa = PBXFileReference; lastKnownFileType = sourcecode.swift; path = SecondaryButton.swift; sourceTree = "<group>"; };
		D2AE8C64C877ABC6935B77EF /* GameViewModel.swift */ = {isa = PBXFileReference; lastKnownFileType = sourcecode.swift; path = GameViewModel.swift; sourceTree = "<group>"; };
		D388AFA74CDD2F268A95A894 /* AdsManagerTests.swift */ = {isa = PBXFileReference; lastKnownFileType = sourcecode.swift; path = AdsManagerTests.swift; sourceTree = "<group>"; };
		D3D025DF3A173AF4949F9C01 /* AdInterstitialOverlay.swift */ = {isa = PBXFileReference; lastKnownFileType = sourcecode.swift; path = AdInterstitialOverlay.swift; sourceTree = "<group>"; };
		D3E8F3C0267F5E448BE9F1FD /* PrimaryButton.swift */ = {isa = PBXFileReference; lastKnownFileType = sourcecode.swift; path = PrimaryButton.swift; sourceTree = "<group>"; };
		DBAB0452088EF7C80E88FA92 /* ShopView.swift */ = {isa = PBXFileReference; lastKnownFileType = sourcecode.swift; path = ShopView.swift; sourceTree = "<group>"; };
		E6E47062C883114A0CD6A84B /* PackProvider.swift */ = {isa = PBXFileReference; lastKnownFileType = sourcecode.swift; path = PackProvider.swift; sourceTree = "<group>"; };
		E759453C2C2587B65FB5C244 /* en */ = {isa = PBXFileReference; lastKnownFileType = text.plist.strings; name = en; path = en.lproj/InfoPlist.strings; sourceTree = "<group>"; };
		EA13FC12B31478959E864E28 /* SplashView.swift */ = {isa = PBXFileReference; lastKnownFileType = sourcecode.swift; path = SplashView.swift; sourceTree = "<group>"; };
		EC77EA692FE5B20CEA9F3A5E /* PackProviderContinueTests.swift */ = {isa = PBXFileReference; lastKnownFileType = sourcecode.swift; path = PackProviderContinueTests.swift; sourceTree = "<group>"; };
		EE9B107DD2F0F4C37A55615C /* es */ = {isa = PBXFileReference; lastKnownFileType = text.plist.strings; name = es; path = es.lproj/Localizable.strings; sourceTree = "<group>"; };
		F019EC211A8ED76E9C4687A0 /* Shadow.swift */ = {isa = PBXFileReference; lastKnownFileType = sourcecode.swift; path = Shadow.swift; sourceTree = "<group>"; };
		FCB001DEC3D0DA3B2D4E97A1 /* 17FC92E9-8663-48EE-8354-154BEB602AE2.xcactivitylog */ = {isa = PBXFileReference; path = "17FC92E9-8663-48EE-8354-154BEB602AE2.xcactivitylog"; sourceTree = "<group>"; };
		FD0E2882D4179DA7A73B6477 /* PauseOverlayView.swift */ = {isa = PBXFileReference; lastKnownFileType = sourcecode.swift; path = PauseOverlayView.swift; sourceTree = "<group>"; };
		FF82F8FCC4C6001A6909E998 /* HapticService.swift */ = {isa = PBXFileReference; lastKnownFileType = sourcecode.swift; path = HapticService.swift; sourceTree = "<group>"; };
/* End PBXFileReference section */

/* Begin PBXFrameworksBuildPhase section */
		19E2E59D9218D531EA9C97A0 /* Frameworks */ = {
			isa = PBXFrameworksBuildPhase;
			buildActionMask = 2147483647;
			files = (
				55D3EB1BFD4BAC2C7EDF7189 /* SnugloEngine in Frameworks */,
			);
			runOnlyForDeploymentPostprocessing = 0;
		};
		25849E5F4FF3BC3C73019DAA /* Frameworks */ = {
			isa = PBXFrameworksBuildPhase;
			buildActionMask = 2147483647;
			files = (
				BBCC099BCC1B269432202561 /* SnugloEngine in Frameworks */,
			);
			runOnlyForDeploymentPostprocessing = 0;
		};
/* End PBXFrameworksBuildPhase section */

/* Begin PBXGroup section */
		0E6C2C9312A1B273156E3540 /* Onboarding */ = {
			isa = PBXGroup;
			children = (
				818EF1009A596F19A02F3237 /* OnboardingView.swift */,
			);
			path = Onboarding;
			sourceTree = "<group>";
		};
		122EC1EB173FCBD7030C10E8 /* build */ = {
			isa = PBXGroup;
			children = (
				A51CC814497E48545D2E9729 /* DerivedData */,
			);
			path = build;
			sourceTree = "<group>";
		};
		1767C811E499CE379D978EA8 /* Packages */ = {
			isa = PBXGroup;
			children = (
				15DDDB0F2207F08EE6D816BA /* snuglo--AnsD1 */,
			);
			name = Packages;
			sourceTree = "<group>";
		};
		2D8BFEE3E83DF1152E7FBC22 /* Persistence */ = {
			isa = PBXGroup;
			children = (
				923F090D7130F37BBDD451D8 /* ProgressStore.swift */,
			);
			path = Persistence;
			sourceTree = "<group>";
		};
		360562F81B5DA39774190494 /* Shop */ = {
			isa = PBXGroup;
			children = (
				DBAB0452088EF7C80E88FA92 /* ShopView.swift */,
			);
			path = Shop;
			sourceTree = "<group>";
		};
		3CC9A847A69E60C23A5FEFC1 /* artifacts */ = {
			isa = PBXGroup;
			children = (
			);
			path = artifacts;
			sourceTree = "<group>";
		};
		3E6F161CD2F8B824209000B5 /* snuglo--AnsD1 */ = {
			isa = PBXGroup;
			children = (
				EB3615D5A8B41EDC62EAE87E /* Tests */,
			);
			name = "snuglo--AnsD1";
			path = ..;
			sourceTree = "<group>";
		};
		443DC6ACA1481644D9AB2B7B /* Splash */ = {
			isa = PBXGroup;
			children = (
				EA13FC12B31478959E864E28 /* SplashView.swift */,
			);
			path = Splash;
			sourceTree = "<group>";
		};
		44E4BF646D4293E17EC9B777 /* Components */ = {
			isa = PBXGroup;
			children = (
				D3D025DF3A173AF4949F9C01 /* AdInterstitialOverlay.swift */,
				7C3C5E6AE355B623F247316C /* BannerAdView.swift */,
				071C5711F1CFFED37058BD01 /* BottomTabBar.swift */,
				5E177BF53BC6C92D779D51C2 /* CardSurface.swift */,
				D3E8F3C0267F5E448BE9F1FD /* PrimaryButton.swift */,
				8B4758DD6FAC3569A870F3EC /* RowDivider.swift */,
				D1B5F7711E13697C1A7BCA90 /* SecondaryButton.swift */,
			);
			path = Components;
			sourceTree = "<group>";
		};
		47E33B1C09C7312E06CE1CE3 /* PackDetail */ = {
			isa = PBXGroup;
			children = (
				5E553228972F7FFB0F8EF868 /* PackDetailView.swift */,
			);
			path = PackDetail;
			sourceTree = "<group>";
		};
		4BAC45F5A50B2C4A143423A6 /* SnugloAppTests */ = {
			isa = PBXGroup;
			children = (
				D388AFA74CDD2F268A95A894 /* AdsManagerTests.swift */,
				9D6BB243B769539EEF718CD3 /* BlockColorTests.swift */,
				1EDADD1D5F19BEC9C6130F05 /* ColorsTests.swift */,
				D0A74183345C54A5FB76D8B3 /* GameViewModelTests.swift */,
				368E88C62BE50B885BCF1DF7 /* HapticServiceTests.swift */,
				4F7015B7FB288C8F5DA0BB75 /* NotificationSchedulerTests.swift */,
				0B820B9ACBC5CEC4F1B83D9A /* NotificationServiceTests.swift */,
				EC77EA692FE5B20CEA9F3A5E /* PackProviderContinueTests.swift */,
				93E8C465B2441C411A96691F /* ProgressStoreTests.swift */,
				A4E2D079DE6C107285082B06 /* SnapCalculatorTests.swift */,
				6CB118F924AFF73AC7906940 /* SoundServiceTests.swift */,
				81BCAA3BC56EB6FA503E20FA /* StitchTokenTests.swift */,
				6BCC0E8903FFF23186D256F8 /* StoreManagerTests.swift */,
			);
			path = SnugloAppTests;
			sourceTree = "<group>";
		};
		4C0353E8BB918B99913C72A5 /* Package */ = {
			isa = PBXGroup;
			children = (
				539529195837BF1CED55E54E /* 17EB674D-5F36-4612-AF37-2D98BF5A1C87.xcactivitylog */,
				FCB001DEC3D0DA3B2D4E97A1 /* 17FC92E9-8663-48EE-8354-154BEB602AE2.xcactivitylog */,
				6F409795EA9080BC40C9CCFF /* LogStoreManifest.plist */,
			);
			path = Package;
			sourceTree = "<group>";
		};
		56CD682D8D86026C7C6B6A0F /* Products */ = {
			isa = PBXGroup;
			children = (
				CBE4CCA810059C58A752ADAF /* SnugloApp.app */,
				02900C8FA9C484E97BDE5D58 /* SnugloAppTests.xctest */,
				320DEC836D769FE0FD1AB45A /* SnugloAppUITests.xctest */,
			);
			name = Products;
			sourceTree = "<group>";
		};
		663D32DE143E35ABF2FEF691 /* SnugloAppUITests */ = {
			isa = PBXGroup;
			children = (
				AE1A1E6FF249929AF911E182 /* GameFlowUITests.swift */,
				01A9D5CE872745FD30F07FE4 /* HomeFlowUITests.swift */,
				C280DEA922815D79D52035E1 /* SmokeUITests.swift */,
				24C8AB441978A3E56D85CFF4 /* SnugloAppUITestsBase.swift */,
			);
			path = SnugloAppUITests;
			sourceTree = "<group>";
		};
		6BA2BD1DFAA0BBB648F22DA9 /* MockData */ = {
			isa = PBXGroup;
			children = (
				71A09BB21B2EEF8E2743976A /* MockData.swift */,
				E6E47062C883114A0CD6A84B /* PackProvider.swift */,
			);
			path = MockData;
			sourceTree = "<group>";
		};
		867EF1C7A614EF647C391E58 /* Logs */ = {
			isa = PBXGroup;
			children = (
				4C0353E8BB918B99913C72A5 /* Package */,
			);
			path = Logs;
			sourceTree = "<group>";
		};
		9CCEA56F358A856F6C4E7F5A /* SourcePackages */ = {
			isa = PBXGroup;
			children = (
				005C73431DAA5AC758C5FE56 /* workspace-state.json */,
				3CC9A847A69E60C23A5FEFC1 /* artifacts */,
				EF7CC19B05185A0968CFDF2A /* checkouts */,
				C37143A489A3D9D905CCBF81 /* repositories */,
			);
			path = SourcePackages;
			sourceTree = "<group>";
		};
		A205DEB565F160DB0EB17E6B /* Settings */ = {
			isa = PBXGroup;
			children = (
				B3A7D331C985A5CAD2F162B1 /* SettingsView.swift */,
			);
			path = Settings;
			sourceTree = "<group>";
		};
		A51CC814497E48545D2E9729 /* DerivedData */ = {
			isa = PBXGroup;
			children = (
				867EF1C7A614EF647C391E58 /* Logs */,
				9CCEA56F358A856F6C4E7F5A /* SourcePackages */,
			);
			path = DerivedData;
			sourceTree = "<group>";
		};
		B64ADB223E188A37795C24D8 /* Ads */ = {
			isa = PBXGroup;
			children = (
				79F7F8B23BC50919D87D3CE8 /* AdsManager.swift */,
			);
			path = Ads;
			sourceTree = "<group>";
		};
		BC0F3B6F4001E56081CAAF75 /* Store */ = {
			isa = PBXGroup;
			children = (
				1A4F8A6CB07D25367BD321D8 /* StoreManager.swift */,
			);
			path = Store;
			sourceTree = "<group>";
		};
		BC8CA339462A1B3DBB39AC35 = {
			isa = PBXGroup;
			children = (
				E704AF9A2C4909919E8EFB76 /* App */,
				122EC1EB173FCBD7030C10E8 /* build */,
				CA3FFCE8583420473DAB2C0F /* Core */,
				BDF0424E12B0048C1ED49C5C /* Features */,
				6BA2BD1DFAA0BBB648F22DA9 /* MockData */,
				1767C811E499CE379D978EA8 /* Packages */,
				F0773894B86C553977137FB7 /* Resources */,
				3E6F161CD2F8B824209000B5 /* snuglo--AnsD1 */,
				663D32DE143E35ABF2FEF691 /* SnugloAppUITests */,
				56CD682D8D86026C7C6B6A0F /* Products */,
			);
			sourceTree = "<group>";
		};
		BDF0424E12B0048C1ED49C5C /* Features */ = {
			isa = PBXGroup;
			children = (
				F7CBB66B0B72A55E65EBB05D /* Game */,
				C85B97EDA463D5E44D03BF34 /* LevelComplete */,
				EBB9C62F7CB3E2C4B29B2173 /* LevelsList */,
				D2646A8D9EB31777AAEA845D /* MainMenu */,
				0E6C2C9312A1B273156E3540 /* Onboarding */,
				47E33B1C09C7312E06CE1CE3 /* PackDetail */,
				F64E4C4226861CE2C7AB1050 /* Pause */,
				A205DEB565F160DB0EB17E6B /* Settings */,
				360562F81B5DA39774190494 /* Shop */,
				443DC6ACA1481644D9AB2B7B /* Splash */,
				F12EAE5AF34AECC4ED01FA3B /* Stats */,
			);
			path = Features;
			sourceTree = "<group>";
		};
		C37143A489A3D9D905CCBF81 /* repositories */ = {
			isa = PBXGroup;
			children = (
			);
			path = repositories;
			sourceTree = "<group>";
		};
		C85B97EDA463D5E44D03BF34 /* LevelComplete */ = {
			isa = PBXGroup;
			children = (
				05BBBEC427C25E22E51FA7B6 /* LevelCompleteSheet.swift */,
			);
			path = LevelComplete;
			sourceTree = "<group>";
		};
		C9DC1112A64D4404FCA50FF5 /* Services */ = {
			isa = PBXGroup;
			children = (
				FF82F8FCC4C6001A6909E998 /* HapticService.swift */,
				5EF2DDE7B28FE5B3DA308C50 /* NotificationService.swift */,
				344B16BC30C943EF404EB1F5 /* SoundService.swift */,
			);
			path = Services;
			sourceTree = "<group>";
		};
		CA3FFCE8583420473DAB2C0F /* Core */ = {
			isa = PBXGroup;
			children = (
				B64ADB223E188A37795C24D8 /* Ads */,
				44E4BF646D4293E17EC9B777 /* Components */,
				2D8BFEE3E83DF1152E7FBC22 /* Persistence */,
				C9DC1112A64D4404FCA50FF5 /* Services */,
				BC0F3B6F4001E56081CAAF75 /* Store */,
				E61ECDF1E7283589003957A1 /* Theme */,
			);
			path = Core;
			sourceTree = "<group>";
		};
		D2646A8D9EB31777AAEA845D /* MainMenu */ = {
			isa = PBXGroup;
			children = (
				354A30FA9DC3EFE7135C328D /* MainMenuView.swift */,
			);
			path = MainMenu;
			sourceTree = "<group>";
		};
		D2BE267534231C6B9E10D87F /* Audio */ = {
			isa = PBXGroup;
			children = (
				15113BC008FC88512BFF4298 /* README.md */,
			);
			path = Audio;
			sourceTree = "<group>";
		};
		E61ECDF1E7283589003957A1 /* Theme */ = {
			isa = PBXGroup;
			children = (
				82BDCB0C13EFD13CAFE73686 /* Colors.swift */,
				6B377C02F73E5F9D8712B20B /* Radius.swift */,
				F019EC211A8ED76E9C4687A0 /* Shadow.swift */,
				A702C36C13CE76BA82748DED /* Spacing.swift */,
				8DDE190833C63BBB6798DC42 /* Typography.swift */,
			);
			path = Theme;
			sourceTree = "<group>";
		};
		E704AF9A2C4909919E8EFB76 /* App */ = {
			isa = PBXGroup;
			children = (
				650F634142598BE8F4F9EF2E /* AppRouter.swift */,
				00B165E71825BFEA8ABE02AC /* RootView.swift */,
				60E0BF6F56D7977EF5C2B21D /* SnugloApp.swift */,
			);
			path = App;
			sourceTree = "<group>";
		};
		EB3615D5A8B41EDC62EAE87E /* Tests */ = {
			isa = PBXGroup;
			children = (
				4BAC45F5A50B2C4A143423A6 /* SnugloAppTests */,
			);
			path = Tests;
			sourceTree = "<group>";
		};
		EBB9C62F7CB3E2C4B29B2173 /* LevelsList */ = {
			isa = PBXGroup;
			children = (
				C2F5BACB29FA770A810C3ABA /* LevelsListView.swift */,
			);
			path = LevelsList;
			sourceTree = "<group>";
		};
		EF7CC19B05185A0968CFDF2A /* checkouts */ = {
			isa = PBXGroup;
			children = (
			);
			path = checkouts;
			sourceTree = "<group>";
		};
		F0773894B86C553977137FB7 /* Resources */ = {
			isa = PBXGroup;
			children = (
				71A6FA8E3D616220F3BF852B /* Assets.xcassets */,
				125B30D67DEEC160EDBC670E /* README-StoreKit.md */,
				872D391426D5D402C2F18006 /* Snuglo.storekit */,
				D2BE267534231C6B9E10D87F /* Audio */,
				250C6435062F4891539078FC /* InfoPlist.strings */,
				EF55B584B729B84FA08FA6D1 /* Localizable.strings */,
			);
			path = Resources;
			sourceTree = "<group>";
		};
		F12EAE5AF34AECC4ED01FA3B /* Stats */ = {
			isa = PBXGroup;
			children = (
				34D61C90179BE05FFF34656B /* StatsView.swift */,
			);
			path = Stats;
			sourceTree = "<group>";
		};
		F64E4C4226861CE2C7AB1050 /* Pause */ = {
			isa = PBXGroup;
			children = (
				6AFCBE768527FBA636F28AAC /* PauseSheet.swift */,
			);
			path = Pause;
			sourceTree = "<group>";
		};
		F7CBB66B0B72A55E65EBB05D /* Game */ = {
			isa = PBXGroup;
			children = (
				645EFACB3DFA65F3D1D5CBD2 /* BlockView.swift */,
				38668694A881387CCF58C9CA /* GameView.swift */,
				D2AE8C64C877ABC6935B77EF /* GameViewModel.swift */,
				9C00CEC5196A0D5872A0987F /* GridView.swift */,
				FD0E2882D4179DA7A73B6477 /* PauseOverlayView.swift */,
				B2B32BC4055E117E10F49D08 /* SnapCalculator.swift */,
			);
			path = Game;
			sourceTree = "<group>";
		};
		"TEMP_E32FAABF-2FFD-4174-ACCB-3B953E774E8D" /* . */ = {
			isa = PBXGroup;
			children = (
				6BA2BD1DFAA0BBB648F22DA9 /* MockData */,
				CA3FFCE8583420473DAB2C0F /* Core */,
				E704AF9A2C4909919E8EFB76 /* App */,
				F0773894B86C553977137FB7 /* Resources */,
				BDF0424E12B0048C1ED49C5C /* Features */,
				122EC1EB173FCBD7030C10E8 /* build */,
			);
			name = .;
			path = .;
			sourceTree = "<group>";
		};
/* End PBXGroup section */

/* Begin PBXNativeTarget section */
		2BE10498DFEFBB143FC9286E /* SnugloAppTests */ = {
			isa = PBXNativeTarget;
			buildConfigurationList = C8C222F9F432854CC48224C0 /* Build configuration list for PBXNativeTarget "SnugloAppTests" */;
			buildPhases = (
				5CDB0A152B4F223C4A196AC0 /* Sources */,
				25849E5F4FF3BC3C73019DAA /* Frameworks */,
			);
			buildRules = (
			);
			dependencies = (
				14054691BA4AC23404902314 /* PBXTargetDependency */,
			);
			name = SnugloAppTests;
			packageProductDependencies = (
				C6CEC9215CDD114192DB9C26 /* SnugloEngine */,
			);
			productName = SnugloAppTests;
			productReference = 02900C8FA9C484E97BDE5D58 /* SnugloAppTests.xctest */;
			productType = "com.apple.product-type.bundle.unit-test";
		};
		629257F8BD02D3B177D7E2B0 /* SnugloApp */ = {
			isa = PBXNativeTarget;
			buildConfigurationList = CABC3D8E13C0FDE6093EFAE5 /* Build configuration list for PBXNativeTarget "SnugloApp" */;
			buildPhases = (
				491FCB7F83BB490D70B50785 /* Sources */,
				E326D2A19F94A3DEC81FF265 /* Resources */,
				19E2E59D9218D531EA9C97A0 /* Frameworks */,
			);
			buildRules = (
			);
			dependencies = (
			);
			name = SnugloApp;
			packageProductDependencies = (
				43AB9381ED7582889EB0EEBB /* SnugloEngine */,
			);
			productName = SnugloApp;
			productReference = CBE4CCA810059C58A752ADAF /* SnugloApp.app */;
			productType = "com.apple.product-type.application";
		};
		B1A82A34479BDB392E829CAB /* SnugloAppUITests */ = {
			isa = PBXNativeTarget;
			buildConfigurationList = EE8ED5B7FF7D12F298367CF7 /* Build configuration list for PBXNativeTarget "SnugloAppUITests" */;
			buildPhases = (
				4E4F454272D379938CF1960F /* Sources */,
			);
			buildRules = (
			);
			dependencies = (
				03266DFE20BB9B86F9B321FE /* PBXTargetDependency */,
			);
			name = SnugloAppUITests;
			packageProductDependencies = (
			);
			productName = SnugloAppUITests;
			productReference = 320DEC836D769FE0FD1AB45A /* SnugloAppUITests.xctest */;
			productType = "com.apple.product-type.bundle.ui-testing";
		};
/* End PBXNativeTarget section */

/* Begin PBXProject section */
		8B64E0AEE48DDEFB996D89BC /* Project object */ = {
			isa = PBXProject;
			attributes = {
				BuildIndependentTargetsInParallel = YES;
				LastUpgradeCheck = 1430;
				TargetAttributes = {
					B1A82A34479BDB392E829CAB = {
						TestTargetID = 629257F8BD02D3B177D7E2B0;
					};
				};
			};
			buildConfigurationList = EF988263BA2757CD63A2FFE4 /* Build configuration list for PBXProject "SnugloApp" */;
			developmentRegion = en;
			hasScannedForEncodings = 0;
			knownRegions = (
				Base,
				en,
				es,
				tr,
			);
			mainGroup = BC8CA339462A1B3DBB39AC35;
			minimizedProjectReferenceProxies = 1;
			packageReferences = (
				0198A1396A0E1C1DA578F298 /* XCLocalSwiftPackageReference ".." */,
			);
			preferredProjectObjectVersion = 77;
			productRefGroup = 56CD682D8D86026C7C6B6A0F /* Products */;
			projectDirPath = "";
			projectRoot = "";
			targets = (
				629257F8BD02D3B177D7E2B0 /* SnugloApp */,
				2BE10498DFEFBB143FC9286E /* SnugloAppTests */,
				B1A82A34479BDB392E829CAB /* SnugloAppUITests */,
			);
		};
/* End PBXProject section */

/* Begin PBXResourcesBuildPhase section */
		E326D2A19F94A3DEC81FF265 /* Resources */ = {
			isa = PBXResourcesBuildPhase;
			buildActionMask = 2147483647;
			files = (
				BB1AE77E036D4C2787694BAE /* 17EB674D-5F36-4612-AF37-2D98BF5A1C87.xcactivitylog in Resources */,
				3736F9D231E1A7EB07D9452A /* 17FC92E9-8663-48EE-8354-154BEB602AE2.xcactivitylog in Resources */,
				2FA259699812395DDBABFE0F /* Assets.xcassets in Resources */,
				A4921D0A0CF269191A4B9C72 /* InfoPlist.strings in Resources */,
				0ACD98BF1D20DEF4FBED52AE /* Localizable.strings in Resources */,
				804BF62D4D9578D1AB8F86F1 /* LogStoreManifest.plist in Resources */,
				C4B42BDA325627597C3D6E1C /* README-StoreKit.md in Resources */,
				6D5A15BEC4D154BEEFC66E67 /* README.md in Resources */,
				6B129672CD8BD82860195071 /* Snuglo.storekit in Resources */,
				BE91B4553C450BA9C8C46D58 /* workspace-state.json in Resources */,
			);
			runOnlyForDeploymentPostprocessing = 0;
		};
/* End PBXResourcesBuildPhase section */

/* Begin PBXSourcesBuildPhase section */
		491FCB7F83BB490D70B50785 /* Sources */ = {
			isa = PBXSourcesBuildPhase;
			buildActionMask = 2147483647;
			files = (
				42A713FCCF31C5AD71C0374B /* AdInterstitialOverlay.swift in Sources */,
				CC1131A31A5E1A2B5858CE9E /* AdsManager.swift in Sources */,
				AE42BD147A051CF60F775F10 /* AppRouter.swift in Sources */,
				1D27807043DBA93196C5E710 /* BannerAdView.swift in Sources */,
				91EB882F6CC4A611E61DA88A /* BlockView.swift in Sources */,
				F6C45F1C7F71F67B168BD48F /* BottomTabBar.swift in Sources */,
				870BBA3368B73B06EE6F8577 /* CardSurface.swift in Sources */,
				E7D790BF55A55A24C78CEF07 /* Colors.swift in Sources */,
				76EEA95BE6C22EDED3AFED3C /* GameView.swift in Sources */,
				03FFABCB2C303B8C50D21624 /* GameViewModel.swift in Sources */,
				273AD3BCEF81AAAE4021FD78 /* GridView.swift in Sources */,
				FBBEF1BDEFEC12CE81949594 /* HapticService.swift in Sources */,
				4433668111483C116B1D4390 /* LevelCompleteSheet.swift in Sources */,
				33112FEC53B3501D7EFA14D2 /* LevelsListView.swift in Sources */,
				56F4A71C2354DD0A66026405 /* MainMenuView.swift in Sources */,
				4A9AD0F05276A0200971BA40 /* MockData.swift in Sources */,
				3907B7ABDEA4B35F558646C5 /* NotificationService.swift in Sources */,
				D7574A18719733E0B493964F /* OnboardingView.swift in Sources */,
				0FEF0C2D7C12DC2D130ED220 /* PackDetailView.swift in Sources */,
				9CE833B028557F0558472ACE /* PackProvider.swift in Sources */,
				3A69CE6071AD1654EA085B06 /* PauseOverlayView.swift in Sources */,
				3922552F1B06C1C3D736AB66 /* PauseSheet.swift in Sources */,
				3CBBEA8BF5421CE5D339D5E1 /* PrimaryButton.swift in Sources */,
				44EEA1333109A9F28AB5FCF2 /* ProgressStore.swift in Sources */,
				810B90D33D80F1DB5C72CBA2 /* Radius.swift in Sources */,
				DF086D943609CC4FDB0AB808 /* RootView.swift in Sources */,
				9E6FD2504B15C754A3A467A1 /* RowDivider.swift in Sources */,
				7F7979F2FDB91A33A94532B2 /* SecondaryButton.swift in Sources */,
				10623549868FE8396ECC486F /* SettingsView.swift in Sources */,
				4749283EBBBBBB741384B951 /* Shadow.swift in Sources */,
				9B9C88676E42710CC92AFF8C /* ShopView.swift in Sources */,
				9338C2DFBAE44768A7DB6C12 /* SnapCalculator.swift in Sources */,
				C34010B48A028A7DA5B64483 /* SnugloApp.swift in Sources */,
				AB3EEF5267EB0CCBC1CD337D /* SoundService.swift in Sources */,
				D4652764B29EB9AAB7864CB0 /* Spacing.swift in Sources */,
				6DD60010AA6AF89DF48BEA12 /* SplashView.swift in Sources */,
				9838478E2A8975B130C8C64E /* StatsView.swift in Sources */,
				53757E96F9DBDCD6AD510009 /* StoreManager.swift in Sources */,
				4B86EDC16AD9FB4C50EC6FF9 /* Typography.swift in Sources */,
			);
			runOnlyForDeploymentPostprocessing = 0;
		};
		4E4F454272D379938CF1960F /* Sources */ = {
			isa = PBXSourcesBuildPhase;
			buildActionMask = 2147483647;
			files = (
				3A33BB5DCD8712B44B33A874 /* GameFlowUITests.swift in Sources */,
				B4CE7E24E4016DA9C5ED8C2C /* HomeFlowUITests.swift in Sources */,
				F8313EE5C4D761217E1FC65E /* SmokeUITests.swift in Sources */,
				2E43D6A9A890916F3E7E0E89 /* SnugloAppUITestsBase.swift in Sources */,
			);
			runOnlyForDeploymentPostprocessing = 0;
		};
		5CDB0A152B4F223C4A196AC0 /* Sources */ = {
			isa = PBXSourcesBuildPhase;
			buildActionMask = 2147483647;
			files = (
				644AD815EA9200CA26D84026 /* AdsManagerTests.swift in Sources */,
				70F51AE1D5CAEBAC21C9E0A1 /* BlockColorTests.swift in Sources */,
				20FBF50EF76EF9D9B2A62252 /* ColorsTests.swift in Sources */,
				530C2E26ADFAFA0391AA200F /* GameViewModelTests.swift in Sources */,
				4B2D146C4B8FC685A1C5D9E6 /* HapticServiceTests.swift in Sources */,
				AB96220B99E950B9181671AF /* NotificationSchedulerTests.swift in Sources */,
				251FFEBB0755A3FAAB24F323 /* NotificationServiceTests.swift in Sources */,
				31274216AFC9B64C261FE356 /* PackProviderContinueTests.swift in Sources */,
				64639133E78C3684B2D5F5C8 /* ProgressStoreTests.swift in Sources */,
				754A0878D0F302CB44712201 /* SnapCalculatorTests.swift in Sources */,
				9DB94EFD98FB4B3F6A695F33 /* SoundServiceTests.swift in Sources */,
				EE0EBF8EDFF4DBBF2FEB6E55 /* StitchTokenTests.swift in Sources */,
				E3B998AC3AD14DCE7272C432 /* StoreManagerTests.swift in Sources */,
			);
			runOnlyForDeploymentPostprocessing = 0;
		};
/* End PBXSourcesBuildPhase section */

/* Begin PBXTargetDependency section */
		03266DFE20BB9B86F9B321FE /* PBXTargetDependency */ = {
			isa = PBXTargetDependency;
			target = 629257F8BD02D3B177D7E2B0 /* SnugloApp */;
			targetProxy = 44929050868A6627308E675D /* PBXContainerItemProxy */;
		};
		14054691BA4AC23404902314 /* PBXTargetDependency */ = {
			isa = PBXTargetDependency;
			target = 629257F8BD02D3B177D7E2B0 /* SnugloApp */;
			targetProxy = 03C3FFF9BE4A856773949D13 /* PBXContainerItemProxy */;
		};
/* End PBXTargetDependency section */

/* Begin PBXVariantGroup section */
		250C6435062F4891539078FC /* InfoPlist.strings */ = {
			isa = PBXVariantGroup;
			children = (
				E759453C2C2587B65FB5C244 /* en */,
				5796E5AF79FD89610638C7BD /* es */,
				0597FC5978CF1E47D7125A67 /* tr */,
			);
			name = InfoPlist.strings;
			sourceTree = "<group>";
		};
		EF55B584B729B84FA08FA6D1 /* Localizable.strings */ = {
			isa = PBXVariantGroup;
			children = (
				8DD307251780186223CCBBE8 /* en */,
				EE9B107DD2F0F4C37A55615C /* es */,
				16B7A0ABBF0B3545C32F1412 /* tr */,
			);
			name = Localizable.strings;
			sourceTree = "<group>";
		};
/* End PBXVariantGroup section */

/* Begin XCBuildConfiguration section */
		2FDC1A5C95B30AC8A31506D0 /* Debug */ = {
			isa = XCBuildConfiguration;
			buildSettings = {
				BUNDLE_LOADER = "$(TEST_HOST)";
				GENERATE_INFOPLIST_FILE = YES;
				IPHONEOS_DEPLOYMENT_TARGET = 18.0;
				LD_RUNPATH_SEARCH_PATHS = (
					"$(inherited)",
					"@executable_path/Frameworks",
					"@loader_path/Frameworks",
				);
				PRODUCT_BUNDLE_IDENTIFIER = com.felabs.SnugloAppTests;
				SDKROOT = iphoneos;
				SWIFT_STRICT_CONCURRENCY = minimal;
				SWIFT_VERSION = 5.9;
				TARGETED_DEVICE_FAMILY = "1,2";
				TEST_HOST = "$(BUILT_PRODUCTS_DIR)/SnugloApp.app/SnugloApp";
			};
			name = Debug;
		};
		533E80D777560549D9090E99 /* Release */ = {
			isa = XCBuildConfiguration;
			buildSettings = {
				BUNDLE_LOADER = "$(TEST_HOST)";
				GENERATE_INFOPLIST_FILE = YES;
				IPHONEOS_DEPLOYMENT_TARGET = 18.0;
				LD_RUNPATH_SEARCH_PATHS = (
					"$(inherited)",
					"@executable_path/Frameworks",
					"@loader_path/Frameworks",
				);
				PRODUCT_BUNDLE_IDENTIFIER = com.felabs.SnugloAppUITests;
				SDKROOT = iphoneos;
				SWIFT_STRICT_CONCURRENCY = minimal;
				SWIFT_VERSION = 5.9;
				TARGETED_DEVICE_FAMILY = "1,2";
				TEST_TARGET_NAME = SnugloApp;
			};
			name = Release;
		};
		94BDFD5967A00EA95412A444 /* Debug */ = {
			isa = XCBuildConfiguration;
			buildSettings = {
				BUNDLE_LOADER = "$(TEST_HOST)";
				GENERATE_INFOPLIST_FILE = YES;
				IPHONEOS_DEPLOYMENT_TARGET = 18.0;
				LD_RUNPATH_SEARCH_PATHS = (
					"$(inherited)",
					"@executable_path/Frameworks",
					"@loader_path/Frameworks",
				);
				PRODUCT_BUNDLE_IDENTIFIER = com.felabs.SnugloAppUITests;
				SDKROOT = iphoneos;
				SWIFT_STRICT_CONCURRENCY = minimal;
				SWIFT_VERSION = 5.9;
				TARGETED_DEVICE_FAMILY = "1,2";
				TEST_TARGET_NAME = SnugloApp;
			};
			name = Debug;
		};
		C8F930335D9179290286C1B7 /* Release */ = {
			isa = XCBuildConfiguration;
			buildSettings = {
				ASSETCATALOG_COMPILER_APPICON_NAME = AppIcon;
				ASSETCATALOG_COMPILER_GLOBAL_ACCENT_COLOR_NAME = AccentColor;
				CODE_SIGN_IDENTITY = "iPhone Developer";
				CURRENT_PROJECT_VERSION = 3;
				INFOPLIST_FILE = "$(SRCROOT)/Info.plist";
				IPHONEOS_DEPLOYMENT_TARGET = 18.0;
				LD_RUNPATH_SEARCH_PATHS = (
					"$(inherited)",
					"@executable_path/Frameworks",
				);
				MARKETING_VERSION = 1.1.0;
				PRODUCT_BUNDLE_IDENTIFIER = com.felabs.snuglo;
				SDKROOT = iphoneos;
				SWIFT_STRICT_CONCURRENCY = minimal;
				SWIFT_VERSION = 5.9;
				TARGETED_DEVICE_FAMILY = "1,2";
			};
			name = Release;
		};
		D3A29D846B5E5E80F768CF16 /* Release */ = {
			isa = XCBuildConfiguration;
			buildSettings = {
				BUNDLE_LOADER = "$(TEST_HOST)";
				GENERATE_INFOPLIST_FILE = YES;
				IPHONEOS_DEPLOYMENT_TARGET = 18.0;
				LD_RUNPATH_SEARCH_PATHS = (
					"$(inherited)",
					"@executable_path/Frameworks",
					"@loader_path/Frameworks",
				);
				PRODUCT_BUNDLE_IDENTIFIER = com.felabs.SnugloAppTests;
				SDKROOT = iphoneos;
				SWIFT_STRICT_CONCURRENCY = minimal;
				SWIFT_VERSION = 5.9;
				TARGETED_DEVICE_FAMILY = "1,2";
				TEST_HOST = "$(BUILT_PRODUCTS_DIR)/SnugloApp.app/SnugloApp";
			};
			name = Release;
		};
		EFFEDCDB4DE274D51D5428E5 /* Debug */ = {
			isa = XCBuildConfiguration;
			buildSettings = {
				ASSETCATALOG_COMPILER_APPICON_NAME = AppIcon;
				ASSETCATALOG_COMPILER_GLOBAL_ACCENT_COLOR_NAME = AccentColor;
				CODE_SIGN_IDENTITY = "iPhone Developer";
				CURRENT_PROJECT_VERSION = 3;
				INFOPLIST_FILE = "$(SRCROOT)/Info.plist";
				IPHONEOS_DEPLOYMENT_TARGET = 18.0;
				LD_RUNPATH_SEARCH_PATHS = (
					"$(inherited)",
					"@executable_path/Frameworks",
				);
				MARKETING_VERSION = 1.1.0;
				PRODUCT_BUNDLE_IDENTIFIER = com.felabs.snuglo;
				SDKROOT = iphoneos;
				SWIFT_STRICT_CONCURRENCY = minimal;
				SWIFT_VERSION = 5.9;
				TARGETED_DEVICE_FAMILY = "1,2";
			};
			name = Debug;
		};
		F4870A2B4D1745A845BD3393 /* Release */ = {
			isa = XCBuildConfiguration;
			buildSettings = {
				ALWAYS_SEARCH_USER_PATHS = NO;
				CLANG_ANALYZER_NONNULL = YES;
				CLANG_ANALYZER_NUMBER_OBJECT_CONVERSION = YES_AGGRESSIVE;
				CLANG_CXX_LANGUAGE_STANDARD = "gnu++14";
				CLANG_CXX_LIBRARY = "libc++";
				CLANG_ENABLE_MODULES = YES;
				CLANG_ENABLE_OBJC_ARC = YES;
				CLANG_ENABLE_OBJC_WEAK = YES;
				CLANG_WARN_BLOCK_CAPTURE_AUTORELEASING = YES;
				CLANG_WARN_BOOL_CONVERSION = YES;
				CLANG_WARN_COMMA = YES;
				CLANG_WARN_CONSTANT_CONVERSION = YES;
				CLANG_WARN_DEPRECATED_OBJC_IMPLEMENTATIONS = YES;
				CLANG_WARN_DIRECT_OBJC_ISA_USAGE = YES_ERROR;
				CLANG_WARN_DOCUMENTATION_COMMENTS = YES;
				CLANG_WARN_EMPTY_BODY = YES;
				CLANG_WARN_ENUM_CONVERSION = YES;
				CLANG_WARN_INFINITE_RECURSION = YES;
				CLANG_WARN_INT_CONVERSION = YES;
				CLANG_WARN_NON_LITERAL_NULL_CONVERSION = YES;
				CLANG_WARN_OBJC_IMPLICIT_RETAIN_SELF = YES;
				CLANG_WARN_OBJC_LITERAL_CONVERSION = YES;
				CLANG_WARN_OBJC_ROOT_CLASS = YES_ERROR;
				CLANG_WARN_QUOTED_INCLUDE_IN_FRAMEWORK_HEADER = YES;
				CLANG_WARN_RANGE_LOOP_ANALYSIS = YES;
				CLANG_WARN_STRICT_PROTOTYPES = YES;
				CLANG_WARN_SUSPICIOUS_MOVE = YES;
				CLANG_WARN_UNGUARDED_AVAILABILITY = YES_AGGRESSIVE;
				CLANG_WARN_UNREACHABLE_CODE = YES;
				CLANG_WARN__DUPLICATE_METHOD_MATCH = YES;
				COPY_PHASE_STRIP = NO;
				DEBUG_INFORMATION_FORMAT = "dwarf-with-dsym";
				ENABLE_NS_ASSERTIONS = NO;
				ENABLE_STRICT_OBJC_MSGSEND = YES;
				GCC_C_LANGUAGE_STANDARD = gnu11;
				GCC_NO_COMMON_BLOCKS = YES;
				GCC_WARN_64_TO_32_BIT_CONVERSION = YES;
				GCC_WARN_ABOUT_RETURN_TYPE = YES_ERROR;
				GCC_WARN_UNDECLARED_SELECTOR = YES;
				GCC_WARN_UNINITIALIZED_AUTOS = YES_AGGRESSIVE;
				GCC_WARN_UNUSED_FUNCTION = YES;
				GCC_WARN_UNUSED_VARIABLE = YES;
				IPHONEOS_DEPLOYMENT_TARGET = 18.0;
				MTL_ENABLE_DEBUG_INFO = NO;
				MTL_FAST_MATH = YES;
				PRODUCT_NAME = "$(TARGET_NAME)";
				SDKROOT = iphoneos;
				SWIFT_COMPILATION_MODE = wholemodule;
				SWIFT_OPTIMIZATION_LEVEL = "-O";
				SWIFT_VERSION = 5.0;
			};
			name = Release;
		};
		F9C24DC1D9014B580E459331 /* Debug */ = {
			isa = XCBuildConfiguration;
			buildSettings = {
				ALWAYS_SEARCH_USER_PATHS = NO;
				CLANG_ANALYZER_NONNULL = YES;
				CLANG_ANALYZER_NUMBER_OBJECT_CONVERSION = YES_AGGRESSIVE;
				CLANG_CXX_LANGUAGE_STANDARD = "gnu++14";
				CLANG_CXX_LIBRARY = "libc++";
				CLANG_ENABLE_MODULES = YES;
				CLANG_ENABLE_OBJC_ARC = YES;
				CLANG_ENABLE_OBJC_WEAK = YES;
				CLANG_WARN_BLOCK_CAPTURE_AUTORELEASING = YES;
				CLANG_WARN_BOOL_CONVERSION = YES;
				CLANG_WARN_COMMA = YES;
				CLANG_WARN_CONSTANT_CONVERSION = YES;
				CLANG_WARN_DEPRECATED_OBJC_IMPLEMENTATIONS = YES;
				CLANG_WARN_DIRECT_OBJC_ISA_USAGE = YES_ERROR;
				CLANG_WARN_DOCUMENTATION_COMMENTS = YES;
				CLANG_WARN_EMPTY_BODY = YES;
				CLANG_WARN_ENUM_CONVERSION = YES;
				CLANG_WARN_INFINITE_RECURSION = YES;
				CLANG_WARN_INT_CONVERSION = YES;
				CLANG_WARN_NON_LITERAL_NULL_CONVERSION = YES;
				CLANG_WARN_OBJC_IMPLICIT_RETAIN_SELF = YES;
				CLANG_WARN_OBJC_LITERAL_CONVERSION = YES;
				CLANG_WARN_OBJC_ROOT_CLASS = YES_ERROR;
				CLANG_WARN_QUOTED_INCLUDE_IN_FRAMEWORK_HEADER = YES;
				CLANG_WARN_RANGE_LOOP_ANALYSIS = YES;
				CLANG_WARN_STRICT_PROTOTYPES = YES;
				CLANG_WARN_SUSPICIOUS_MOVE = YES;
				CLANG_WARN_UNGUARDED_AVAILABILITY = YES_AGGRESSIVE;
				CLANG_WARN_UNREACHABLE_CODE = YES;
				CLANG_WARN__DUPLICATE_METHOD_MATCH = YES;
				COPY_PHASE_STRIP = NO;
				DEBUG_INFORMATION_FORMAT = dwarf;
				ENABLE_STRICT_OBJC_MSGSEND = YES;
				ENABLE_TESTABILITY = YES;
				GCC_C_LANGUAGE_STANDARD = gnu11;
				GCC_DYNAMIC_NO_PIC = NO;
				GCC_NO_COMMON_BLOCKS = YES;
				GCC_OPTIMIZATION_LEVEL = 0;
				GCC_PREPROCESSOR_DEFINITIONS = (
					"$(inherited)",
					"DEBUG=1",
				);
				GCC_WARN_64_TO_32_BIT_CONVERSION = YES;
				GCC_WARN_ABOUT_RETURN_TYPE = YES_ERROR;
				GCC_WARN_UNDECLARED_SELECTOR = YES;
				GCC_WARN_UNINITIALIZED_AUTOS = YES_AGGRESSIVE;
				GCC_WARN_UNUSED_FUNCTION = YES;
				GCC_WARN_UNUSED_VARIABLE = YES;
				IPHONEOS_DEPLOYMENT_TARGET = 18.0;
				MTL_ENABLE_DEBUG_INFO = INCLUDE_SOURCE;
				MTL_FAST_MATH = YES;
				ONLY_ACTIVE_ARCH = YES;
				PRODUCT_NAME = "$(TARGET_NAME)";
				SDKROOT = iphoneos;
				SWIFT_ACTIVE_COMPILATION_CONDITIONS = DEBUG;
				SWIFT_OPTIMIZATION_LEVEL = "-Onone";
				SWIFT_VERSION = 5.0;
			};
			name = Debug;
		};
/* End XCBuildConfiguration section */

/* Begin XCConfigurationList section */
		C8C222F9F432854CC48224C0 /* Build configuration list for PBXNativeTarget "SnugloAppTests" */ = {
			isa = XCConfigurationList;
			buildConfigurations = (
				2FDC1A5C95B30AC8A31506D0 /* Debug */,
				D3A29D846B5E5E80F768CF16 /* Release */,
			);
			defaultConfigurationIsVisible = 0;
			defaultConfigurationName = Debug;
		};
		CABC3D8E13C0FDE6093EFAE5 /* Build configuration list for PBXNativeTarget "SnugloApp" */ = {
			isa = XCConfigurationList;
			buildConfigurations = (
				EFFEDCDB4DE274D51D5428E5 /* Debug */,
				C8F930335D9179290286C1B7 /* Release */,
			);
			defaultConfigurationIsVisible = 0;
			defaultConfigurationName = Debug;
		};
		EE8ED5B7FF7D12F298367CF7 /* Build configuration list for PBXNativeTarget "SnugloAppUITests" */ = {
			isa = XCConfigurationList;
			buildConfigurations = (
				94BDFD5967A00EA95412A444 /* Debug */,
				533E80D777560549D9090E99 /* Release */,
			);
			defaultConfigurationIsVisible = 0;
			defaultConfigurationName = Debug;
		};
		EF988263BA2757CD63A2FFE4 /* Build configuration list for PBXProject "SnugloApp" */ = {
			isa = XCConfigurationList;
			buildConfigurations = (
				F9C24DC1D9014B580E459331 /* Debug */,
				F4870A2B4D1745A845BD3393 /* Release */,
			);
			defaultConfigurationIsVisible = 0;
			defaultConfigurationName = Debug;
		};
/* End XCConfigurationList section */

/* Begin XCLocalSwiftPackageReference section */
		0198A1396A0E1C1DA578F298 /* XCLocalSwiftPackageReference ".." */ = {
			isa = XCLocalSwiftPackageReference;
			relativePath = ..;
		};
/* End XCLocalSwiftPackageReference section */

/* Begin XCSwiftPackageProductDependency section */
		43AB9381ED7582889EB0EEBB /* SnugloEngine */ = {
			isa = XCSwiftPackageProductDependency;
			productName = SnugloEngine;
		};
		C6CEC9215CDD114192DB9C26 /* SnugloEngine */ = {
			isa = XCSwiftPackageProductDependency;
			productName = SnugloEngine;
		};
/* End XCSwiftPackageProductDependency section */
	};
	rootObject = 8B64E0AEE48DDEFB996D89BC /* Project object */;
}
